
Microsoft Visual Studio Solution File, Format Version 12.00
# Visual Studio Version 17
VisualStudioVersion = 17.8.34309.116
MinimumVisualStudioVersion = 10.0.40219.1
Project("{9A19103F-16F7-4668-BE54-9A1E7A4F7556}") = "StudentProfileWebApi", "StudentProfileWebApi.csproj", "{A219BA4F-B2DC-4E65-BB21-7389F1D72E49}"
EndProject
Project("{9A19103F-16F7-4668-BE54-9A1E7A4F7556}") = "MaxWeaver-WebApp-Lab5", "..\..\..\source\repos\MaxWeaver-WebApp-Lab5\MaxWeaver-WebApp-Lab5.csproj", "{A764247C-8032-49A6-9147-3BE7442907D8}"
EndProject
Global
	GlobalSection(SolutionConfigurationPlatforms) = preSolution
		Debug|Any CPU = Debug|Any CPU
		Release|Any CPU = Release|Any CPU
	EndGlobalSection
	GlobalSection(ProjectConfigurationPlatforms) = postSolution
		{A219BA4F-B2DC-4E65-BB21-7389F1D72E49}.Debug|Any CPU.ActiveCfg = Debug|Any CPU
		{A219BA4F-B2DC-4E65-BB21-7389F1D72E49}.Debug|Any CPU.Build.0 = Debug|Any CPU
		{A219BA4F-B2DC-4E65-BB21-7389F1D72E49}.Release|Any CPU.ActiveCfg = Release|Any CPU
		{A219BA4F-B2DC-4E65-BB21-7389F1D72E49}.Release|Any CPU.Build.0 = Release|Any CPU
		{A764247C-8032-49A6-9147-3BE7442907D8}.Debug|Any CPU.ActiveCfg = Debug|Any CPU
		{A764247C-8032-49A6-9147-3BE7442907D8}.Debug|Any CPU.Build.0 = Debug|Any CPU
		{A764247C-8032-49A6-9147-3BE7442907D8}.Release|Any CPU.ActiveCfg = Release|Any CPU
		{A764247C-8032-49A6-9147-3BE7442907D8}.Release|Any CPU.Build.0 = Release|Any CPU
	EndGlobalSection
	GlobalSection(SolutionProperties) = preSolution
		HideSolutionNode = FALSE
	EndGlobalSection
	GlobalSection(ExtensibilityGlobals) = postSolution
		SolutionGuid = {A7C2C9C1-C4E7-46BD-804E-A1BC2A479184}
	EndGlobalSection
EndGlobal
